
PODS:
- AFNetworking (1.1.0)
- EGOCache (2.0)
- NSURLConnectionVCR (0.0.1)
- TransformerKit (0.0.1)

DEPENDENCIES:
- AFNetworking
- EGOCache
- NSURLConnectionVCR
- TransformerKit

SPEC CHECKSUMS:
  AFNetworking: 761a418233d280c1e0580bcb76ff9cb4c3073d17
  EGOCache: c7116e8a6692eecb542f001a9c71f9b71ae9644b
  NSURLConnectionVCR: 68fecf6cd8efb5c2ffcec8fb6d7e4e34a8968bb2
  TransformerKit: 5d914b347bdad31fae9ea63b76f2d304f7fe3c6a

COCOAPODS: 0.16.4
