
PODS:
- AFNetworking (1.0.1)
- NSURLConnectionVCR (0.0.1)

DEPENDENCIES:
- AFNetworking
- NSURLConnectionVCR (from `~/Documents/andersc/NSURLConnectionVCR')

EXTERNAL SOURCES:
  NSURLConnectionVCR:
    :local: ~/Documents/andersc/NSURLConnectionVCR

SPEC CHECKSUMS:
  AFNetworking: 4c11f857c9a18d65f4257c90a1e74ac49f0ac422
  NSURLConnectionVCR: 2fd08731b7835b45e707bd9a22d5681a6ab7c51b

COCOAPODS: 0.15.2
